{
  "name": "oxygenie-parser-sidecar",
  "version": "0.1.0",
  "lockfileVersion": 3,
  "requires": true,
  "packages": {
    "": {
      "name": "oxygenie-parser-sidecar",
      "version": "0.1.0",
      "dependencies": {
        "@opendataloader/pdf": "^2.4.7"
      }
    },
    "node_modules/@opendataloader/pdf": {
      "version": "2.4.7",
      "resolved": "https://registry.npmjs.org/@opendataloader/pdf/-/pdf-2.4.7.tgz",
      "integrity": "sha512-gVkweTbNKKWGHxOWzDmCuWfwvU+ierBrRIDi5ux8MLG0JOeYnzXOt1gojuEbVsQvSIUhE0QIkTshp/iru3cX0w==",
      "license": "Apache-2.0",
      "dependencies": {
        "commander": "^14.0.3"
      },
      "bin": {
        "opendataloader-pdf": "dist/cli.js"
      },
      "engines": {
        "node": ">=20.19.0"
      }
    },
    "node_modules/commander": {
      "version": "14.0.3",
      "resolved": "https://registry.npmjs.org/commander/-/commander-14.0.3.tgz",
      "integrity": "sha512-H+y0Jo/T1RZ9qPP4Eh1pkcQcLRglraJaSLoyOtHxu6AapkjWVCy2Sit1QQ4x3Dng8qDlSsZEet7g5Pq06MvTgw==",
      "license": "MIT",
      "engines": {
        "node": ">=20"
      }
    }
  }
}
